
Microsoft Visual Studio Solution File, Format Version 12.00
# Visual Studio 15
VisualStudioVersion = 15.0.28307.329
MinimumVisualStudioVersion = 10.0.40219.1
Project("{FAE04EC0-301F-11D3-BF4B-00C04F79EFBC}") = "Schedule", "Schedule\Schedule.csproj", "{39F1B160-B6D1-412C-8DB1-4104DF38A7C0}"
EndProject
Project("{FAE04EC0-301F-11D3-BF4B-00C04F79EFBC}") = "Database", "DatabaseUtils\Database.csproj", "{0E8244FD-D189-4965-A6AF-3636160C1051}"
EndProject
Global
	GlobalSection(SolutionConfigurationPlatforms) = preSolution
		Debug|Any CPU = Debug|Any CPU
		Release|Any CPU = Release|Any CPU
	EndGlobalSection
	GlobalSection(ProjectConfigurationPlatforms) = postSolution
		{39F1B160-B6D1-412C-8DB1-4104DF38A7C0}.Debug|Any CPU.ActiveCfg = Debug|Any CPU
		{39F1B160-B6D1-412C-8DB1-4104DF38A7C0}.Debug|Any CPU.Build.0 = Debug|Any CPU
		{39F1B160-B6D1-412C-8DB1-4104DF38A7C0}.Release|Any CPU.ActiveCfg = Release|Any CPU
		{39F1B160-B6D1-412C-8DB1-4104DF38A7C0}.Release|Any CPU.Build.0 = Release|Any CPU
		{0E8244FD-D189-4965-A6AF-3636160C1051}.Debug|Any CPU.ActiveCfg = Debug|Any CPU
		{0E8244FD-D189-4965-A6AF-3636160C1051}.Debug|Any CPU.Build.0 = Debug|Any CPU
		{0E8244FD-D189-4965-A6AF-3636160C1051}.Release|Any CPU.ActiveCfg = Release|Any CPU
		{0E8244FD-D189-4965-A6AF-3636160C1051}.Release|Any CPU.Build.0 = Release|Any CPU
	EndGlobalSection
	GlobalSection(SolutionProperties) = preSolution
		HideSolutionNode = FALSE
	EndGlobalSection
	GlobalSection(ExtensibilityGlobals) = postSolution
		SolutionGuid = {4E025D44-9F36-4B51-8DE8-1B32217CAD37}
	EndGlobalSection
EndGlobal
